
Microsoft Visual Studio Solution File, Format Version 12.00
# Visual Studio Version 16
VisualStudioVersion = 16.0.29926.136
MinimumVisualStudioVersion = 10.0.40219.1
Project("{FAE04EC0-301F-11D3-BF4B-00C04F79EFBC}") = "MMO-Console", "MMO-Console.csproj", "{78B1222C-980A-48C1-8A6F-92D1804E01D2}"
EndProject
Global
	GlobalSection(SolutionConfigurationPlatforms) = preSolution
		Debug|Any CPU = Debug|Any CPU
		Release|Any CPU = Release|Any CPU
	EndGlobalSection
	GlobalSection(ProjectConfigurationPlatforms) = postSolution
		{78B1222C-980A-48C1-8A6F-92D1804E01D2}.Debug|Any CPU.ActiveCfg = Debug|Any CPU
		{78B1222C-980A-48C1-8A6F-92D1804E01D2}.Debug|Any CPU.Build.0 = Debug|Any CPU
		{78B1222C-980A-48C1-8A6F-92D1804E01D2}.Release|Any CPU.ActiveCfg = Release|Any CPU
		{78B1222C-980A-48C1-8A6F-92D1804E01D2}.Release|Any CPU.Build.0 = Release|Any CPU
	EndGlobalSection
	GlobalSection(SolutionProperties) = preSolution
		HideSolutionNode = FALSE
	EndGlobalSection
	GlobalSection(ExtensibilityGlobals) = postSolution
		SolutionGuid = {3FD2FAD9-216C-4963-BEC6-B6A6638357EE}
	EndGlobalSection
EndGlobal
